
Microsoft Visual Studio Solution File, Format Version 12.00
# Visual Studio Version 16
VisualStudioVersion = 16.0.30114.105
MinimumVisualStudioVersion = 10.0.40219.1
Project("{FAE04EC0-301F-11D3-BF4B-00C04F79EFBC}") = "HuntingСores", "HuntingСores\HuntingСores.csproj", "{CDEF71D8-8F18-4DB3-BC42-8F86F8524597}"
EndProject
Global
	GlobalSection(SolutionConfigurationPlatforms) = preSolution
		Debug|Any CPU = Debug|Any CPU
		Release|Any CPU = Release|Any CPU
	EndGlobalSection
	GlobalSection(ProjectConfigurationPlatforms) = postSolution
		{CDEF71D8-8F18-4DB3-BC42-8F86F8524597}.Debug|Any CPU.ActiveCfg = Debug|Any CPU
		{CDEF71D8-8F18-4DB3-BC42-8F86F8524597}.Debug|Any CPU.Build.0 = Debug|Any CPU
		{CDEF71D8-8F18-4DB3-BC42-8F86F8524597}.Release|Any CPU.ActiveCfg = Release|Any CPU
		{CDEF71D8-8F18-4DB3-BC42-8F86F8524597}.Release|Any CPU.Build.0 = Release|Any CPU
	EndGlobalSection
	GlobalSection(SolutionProperties) = preSolution
		HideSolutionNode = FALSE
	EndGlobalSection
	GlobalSection(ExtensibilityGlobals) = postSolution
		SolutionGuid = {0CC55E6C-93CD-4124-856A-2AE96679182A}
	EndGlobalSection
EndGlobal
